
Microsoft Visual Studio Solution File, Format Version 12.00
# Visual Studio Version 17
VisualStudioVersion = 17.4.33213.308
MinimumVisualStudioVersion = 10.0.40219.1
Project("{FAE04EC0-301F-11D3-BF4B-00C04F79EFBC}") = "Laboratorio 4", "Laboratorio 4\Laboratorio 4.csproj", "{F3409830-1323-424D-8601-0CC49AB1D68E}"
EndProject
Global
	GlobalSection(SolutionConfigurationPlatforms) = preSolution
		Debug|Any CPU = Debug|Any CPU
		Release|Any CPU = Release|Any CPU
	EndGlobalSection
	GlobalSection(ProjectConfigurationPlatforms) = postSolution
		{F3409830-1323-424D-8601-0CC49AB1D68E}.Debug|Any CPU.ActiveCfg = Debug|Any CPU
		{F3409830-1323-424D-8601-0CC49AB1D68E}.Debug|Any CPU.Build.0 = Debug|Any CPU
		{F3409830-1323-424D-8601-0CC49AB1D68E}.Release|Any CPU.ActiveCfg = Release|Any CPU
		{F3409830-1323-424D-8601-0CC49AB1D68E}.Release|Any CPU.Build.0 = Release|Any CPU
	EndGlobalSection
	GlobalSection(SolutionProperties) = preSolution
		HideSolutionNode = FALSE
	EndGlobalSection
	GlobalSection(ExtensibilityGlobals) = postSolution
		SolutionGuid = {56B5AABB-9B42-4C50-BF81-25014ADF420A}
	EndGlobalSection
EndGlobal
