
Microsoft Visual Studio Solution File, Format Version 12.00
# Visual Studio Version 17
VisualStudioVersion = 17.4.33213.308
MinimumVisualStudioVersion = 10.0.40219.1
Project("{FAE04EC0-301F-11D3-BF4B-00C04F79EFBC}") = "Ejercicio2", "Ejercicio2\Ejercicio2.csproj", "{C91E7E06-4B83-44D3-8F6F-F505BFCB978D}"
EndProject
Project("{FAE04EC0-301F-11D3-BF4B-00C04F79EFBC}") = "Ejercicio1", "Ejercicio1\Ejercicio1.csproj", "{86B22260-D55C-4612-BF40-2D3CDF6C32EB}"
EndProject
Global
	GlobalSection(SolutionConfigurationPlatforms) = preSolution
		Debug|Any CPU = Debug|Any CPU
		Release|Any CPU = Release|Any CPU
	EndGlobalSection
	GlobalSection(ProjectConfigurationPlatforms) = postSolution
		{C91E7E06-4B83-44D3-8F6F-F505BFCB978D}.Debug|Any CPU.ActiveCfg = Debug|Any CPU
		{C91E7E06-4B83-44D3-8F6F-F505BFCB978D}.Debug|Any CPU.Build.0 = Debug|Any CPU
		{C91E7E06-4B83-44D3-8F6F-F505BFCB978D}.Release|Any CPU.ActiveCfg = Release|Any CPU
		{C91E7E06-4B83-44D3-8F6F-F505BFCB978D}.Release|Any CPU.Build.0 = Release|Any CPU
		{86B22260-D55C-4612-BF40-2D3CDF6C32EB}.Debug|Any CPU.ActiveCfg = Debug|Any CPU
		{86B22260-D55C-4612-BF40-2D3CDF6C32EB}.Debug|Any CPU.Build.0 = Debug|Any CPU
		{86B22260-D55C-4612-BF40-2D3CDF6C32EB}.Release|Any CPU.ActiveCfg = Release|Any CPU
		{86B22260-D55C-4612-BF40-2D3CDF6C32EB}.Release|Any CPU.Build.0 = Release|Any CPU
	EndGlobalSection
	GlobalSection(SolutionProperties) = preSolution
		HideSolutionNode = FALSE
	EndGlobalSection
	GlobalSection(ExtensibilityGlobals) = postSolution
		SolutionGuid = {53DFEB90-DA7A-433D-91B1-6C78F71F29C6}
	EndGlobalSection
EndGlobal
